
Microsoft Visual Studio Solution File, Format Version 12.00
# Visual Studio Version 17
VisualStudioVersion = 17.14.37328.6 d17.14
MinimumVisualStudioVersion = 10.0.40219.1
Project("{FAE04EC0-301F-11D3-BF4B-00C04F79EFBC}") = "Vehicle Rental Information Management System", "Vehicle Rental Information Management System\Vehicle Rental Information Management System.csproj", "{7E6ADCE0-64B2-4B84-8E39-A9F2501FD7A5}"
EndProject
Global
	GlobalSection(SolutionConfigurationPlatforms) = preSolution
		Debug|Any CPU = Debug|Any CPU
		Release|Any CPU = Release|Any CPU
	EndGlobalSection
	GlobalSection(ProjectConfigurationPlatforms) = postSolution
		{7E6ADCE0-64B2-4B84-8E39-A9F2501FD7A5}.Debug|Any CPU.ActiveCfg = Debug|Any CPU
		{7E6ADCE0-64B2-4B84-8E39-A9F2501FD7A5}.Debug|Any CPU.Build.0 = Debug|Any CPU
		{7E6ADCE0-64B2-4B84-8E39-A9F2501FD7A5}.Release|Any CPU.ActiveCfg = Release|Any CPU
		{7E6ADCE0-64B2-4B84-8E39-A9F2501FD7A5}.Release|Any CPU.Build.0 = Release|Any CPU
	EndGlobalSection
	GlobalSection(SolutionProperties) = preSolution
		HideSolutionNode = FALSE
	EndGlobalSection
	GlobalSection(ExtensibilityGlobals) = postSolution
		SolutionGuid = {6C1F873D-11DE-4189-AE03-CB07CD6019D9}
	EndGlobalSection
EndGlobal
